{"1.1.0",
[{<<"erlexec">>,{pkg,<<"erlexec">>,<<"1.9.3">>},1},
 {<<"wrek">>,
  {git,"https://github.com/relaypro-open/wrek.git",
       {ref,"58cf128d754e7ce293984932a0088db4c17eb2ec"}},
  0}]}.
[
{pkg_hash,[
 {<<"erlexec">>, <<"3D72AC65424CED35B9658A50E5A0C9DBD5F383E28AC9096E557F0D62926DD8E4">>}]}
].
